
Microsoft Visual Studio Solution File, Format Version 12.00
# Visual Studio 15
Project("{FAE04EC0-301F-11D3-BF4B-00C04F79EFBC}") = "Unity.Timeline", "Unity.Timeline.csproj", "{70EC06E6-D5C8-34FB-B452-1BC83BA45E45}"
EndProject
Project("{FAE04EC0-301F-11D3-BF4B-00C04F79EFBC}") = "Unity.PlasticSCM.Editor", "Unity.PlasticSCM.Editor.csproj", "{7329283A-78E5-416D-B306-B1540B1DBBD8}"
EndProject
Project("{FAE04EC0-301F-11D3-BF4B-00C04F79EFBC}") = "Unity.2D.Aseprite.Editor", "Unity.2D.Aseprite.Editor.csproj", "{8D82155A-3C2C-A0E9-A486-0DD7E8F1126C}"
EndProject
Project("{FAE04EC0-301F-11D3-BF4B-00C04F79EFBC}") = "Unity.Mathematics", "Unity.Mathematics.csproj", "{418F1268-33AF-2921-BA77-BFCA4113D69E}"
EndProject
Project("{FAE04EC0-301F-11D3-BF4B-00C04F79EFBC}") = "Unity.Timeline.Editor", "Unity.Timeline.Editor.csproj", "{E58B3F97-65D6-86C8-DB0B-52623779AB52}"
EndProject
Project("{FAE04EC0-301F-11D3-BF4B-00C04F79EFBC}") = "Unity.Collections", "Unity.Collections.csproj", "{A5468FE1-53CB-894C-3E15-DC5106C348FD}"
EndProject
Project("{FAE04EC0-301F-11D3-BF4B-00C04F79EFBC}") = "Unity.2D.IK.Runtime", "Unity.2D.IK.Runtime.csproj", "{A262A9AC-CD42-EE2C-8A38-3B5F69EFF09F}"
EndProject
Project("{FAE04EC0-301F-11D3-BF4B-00C04F79EFBC}") = "Unity.2D.Psdimporter.Editor", "Unity.2D.Psdimporter.Editor.csproj", "{522678C8-C8DB-9850-5FEF-B22A62CF8F01}"
EndProject
Project("{FAE04EC0-301F-11D3-BF4B-00C04F79EFBC}") = "Unity.VisualScripting.Core.Editor", "Unity.VisualScripting.Core.Editor.csproj", "{57CA521A-B3D6-558F-896E-D4B0DC4C8B50}"
EndProject
Project("{FAE04EC0-301F-11D3-BF4B-00C04F79EFBC}") = "Unity.PerformanceTesting.Editor", "Unity.PerformanceTesting.Editor.csproj", "{B569AC5C-2064-9BAB-2888-D60369C38BCE}"
EndProject
Project("{FAE04EC0-301F-11D3-BF4B-00C04F79EFBC}") = "UnityEngine.TestRunner", "UnityEngine.TestRunner.csproj", "{611452F9-5D69-6A1C-62EE-84A617E772E0}"
EndProject
Project("{FAE04EC0-301F-11D3-BF4B-00C04F79EFBC}") = "Unity.Burst", "Unity.Burst.csproj", "{6EE75A4E-B3F9-E5E9-6FC4-1853E011EFE6}"
EndProject
Project("{FAE04EC0-301F-11D3-BF4B-00C04F79EFBC}") = "Unity.VisualScripting.Flow.Editor", "Unity.VisualScripting.Flow.Editor.csproj", "{904407C6-E863-9084-2651-942F9D0EFA8A}"
EndProject
Project("{FAE04EC0-301F-11D3-BF4B-00C04F79EFBC}") = "ShapesRuntime", "ShapesRuntime.csproj", "{D5D2B39E-20F4-6C0D-08F4-42E0F29E6405}"
EndProject
Project("{FAE04EC0-301F-11D3-BF4B-00C04F79EFBC}") = "Unity.2D.SpriteShape.Editor", "Unity.2D.SpriteShape.Editor.csproj", "{19CD3793-62BD-7A68-0F79-49163DB00A63}"
EndProject
Project("{FAE04EC0-301F-11D3-BF4B-00C04F79EFBC}") = "Unity.VisualStudio.Editor", "Unity.VisualStudio.Editor.csproj", "{29E3825C-EF62-D166-8A34-C9169BA73211}"
EndProject
Project("{FAE04EC0-301F-11D3-BF4B-00C04F79EFBC}") = "Unity.InputSystem", "Unity.InputSystem.csproj", "{0A6A04D8-AA05-2A5C-7EFD-850C81B5A3DF}"
EndProject
Project("{FAE04EC0-301F-11D3-BF4B-00C04F79EFBC}") = "Unity.2D.Animation.Editor", "Unity.2D.Animation.Editor.csproj", "{A1DFDA10-F963-0C4A-0F49-114D459EBE1B}"
EndProject
Project("{FAE04EC0-301F-11D3-BF4B-00C04F79EFBC}") = "Unity.Searcher.Editor", "Unity.Searcher.Editor.csproj", "{546E1714-9732-E1DC-096E-93ABF2EC1371}"
EndProject
Project("{FAE04EC0-301F-11D3-BF4B-00C04F79EFBC}") = "Unity.2D.SpriteShape.Runtime", "Unity.2D.SpriteShape.Runtime.csproj", "{6DCFED97-EDD2-154A-F4FE-477CCA33FD43}"
EndProject
Project("{FAE04EC0-301F-11D3-BF4B-00C04F79EFBC}") = "UnityEditor.TestRunner", "UnityEditor.TestRunner.csproj", "{40F651D2-12B4-C7AA-E81D-4A6463003185}"
EndProject
Project("{FAE04EC0-301F-11D3-BF4B-00C04F79EFBC}") = "Unity.VisualScripting.Core", "Unity.VisualScripting.Core.csproj", "{578B6B84-961A-B221-28CC-776B435AE780}"
EndProject
Project("{FAE04EC0-301F-11D3-BF4B-00C04F79EFBC}") = "Unity.CollabProxy.Editor", "Unity.CollabProxy.Editor.csproj", "{421F8670-88A8-5F60-A3EA-2ED3FCB0FF19}"
EndProject
Project("{FAE04EC0-301F-11D3-BF4B-00C04F79EFBC}") = "ShapesEditor", "ShapesEditor.csproj", "{315F992B-9D2A-ED8C-F693-62512C19DA67}"
EndProject
Project("{FAE04EC0-301F-11D3-BF4B-00C04F79EFBC}") = "Unity.VisualScripting.State.Editor", "Unity.VisualScripting.State.Editor.csproj", "{384BF62B-09D9-F4D7-C079-83F97405959C}"
EndProject
Project("{FAE04EC0-301F-11D3-BF4B-00C04F79EFBC}") = "Unity.Burst.CodeGen", "Unity.Burst.CodeGen.csproj", "{AEE0A082-FB90-8028-817E-8185261FE2F4}"
EndProject
Project("{FAE04EC0-301F-11D3-BF4B-00C04F79EFBC}") = "Unity.VisualScripting.Flow", "Unity.VisualScripting.Flow.csproj", "{67B4DF4E-1BA3-C66C-BEE8-64A7627BED82}"
EndProject
Project("{FAE04EC0-301F-11D3-BF4B-00C04F79EFBC}") = "Unity.PerformanceTesting", "Unity.PerformanceTesting.csproj", "{330AC522-FC94-12CA-29AE-6A0970D7D409}"
EndProject
Project("{FAE04EC0-301F-11D3-BF4B-00C04F79EFBC}") = "Unity.2D.Tilemap.Extras.Editor", "Unity.2D.Tilemap.Extras.Editor.csproj", "{DCF7D814-3D17-ABF0-D5F0-59C0294E49D5}"
EndProject
Project("{FAE04EC0-301F-11D3-BF4B-00C04F79EFBC}") = "PsdPlugin", "PsdPlugin.csproj", "{EF20EF00-C3F0-8A6D-4EAC-9CB5E5046949}"
EndProject
Project("{FAE04EC0-301F-11D3-BF4B-00C04F79EFBC}") = "Unity.2D.IK.Editor", "Unity.2D.IK.Editor.csproj", "{0784A435-17EE-5852-6306-C186396930B3}"
EndProject
Project("{FAE04EC0-301F-11D3-BF4B-00C04F79EFBC}") = "Unity.InternalAPIEngineBridge.001", "Unity.InternalAPIEngineBridge.001.csproj", "{536A4BB3-FA8B-CE72-4F82-11995CA63D49}"
EndProject
Project("{FAE04EC0-301F-11D3-BF4B-00C04F79EFBC}") = "Unity.2D.Aseprite.Common", "Unity.2D.Aseprite.Common.csproj", "{55255D65-E560-C7CC-B5C2-F5DB40039FDD}"
EndProject
Project("{FAE04EC0-301F-11D3-BF4B-00C04F79EFBC}") = "Unity.Burst.Editor", "Unity.Burst.Editor.csproj", "{8C5D24E2-CD51-9ADA-005F-00DE222ECC41}"
EndProject
Project("{FAE04EC0-301F-11D3-BF4B-00C04F79EFBC}") = "Unity.2D.Common.Path.Editor", "Unity.2D.Common.Path.Editor.csproj", "{36CEF88F-BD4F-7C26-46E7-64AEACB1FC66}"
EndProject
Project("{FAE04EC0-301F-11D3-BF4B-00C04F79EFBC}") = "Unity.2D.Common.Editor", "Unity.2D.Common.Editor.csproj", "{080584F6-B22E-B40C-8738-F145733C64A3}"
EndProject
Project("{FAE04EC0-301F-11D3-BF4B-00C04F79EFBC}") = "Assembly-CSharp", "Assembly-CSharp.csproj", "{05301D49-F628-DE4A-C418-420576C001A1}"
EndProject
Project("{FAE04EC0-301F-11D3-BF4B-00C04F79EFBC}") = "Unity.Rider.Editor", "Unity.Rider.Editor.csproj", "{89F14DF8-F1F6-7699-A9A8-B043746B1C01}"
EndProject
Project("{FAE04EC0-301F-11D3-BF4B-00C04F79EFBC}") = "Unity.VisualScripting.State", "Unity.VisualScripting.State.csproj", "{48E3A83F-1BEE-279B-C8F7-A867D7662CF4}"
EndProject
Project("{FAE04EC0-301F-11D3-BF4B-00C04F79EFBC}") = "Unity.InternalAPIEditorBridge.001", "Unity.InternalAPIEditorBridge.001.csproj", "{2E0D1923-1E9C-BCF7-7AA2-BC52F30B9DBC}"
EndProject
Project("{FAE04EC0-301F-11D3-BF4B-00C04F79EFBC}") = "Unity.2D.PixelPerfect.Editor", "Unity.2D.PixelPerfect.Editor.csproj", "{B0BB7751-2D96-5D62-3F93-D926A49D9BDB}"
EndProject
Project("{FAE04EC0-301F-11D3-BF4B-00C04F79EFBC}") = "Unity.InputSystem.ForUI", "Unity.InputSystem.ForUI.csproj", "{E3D556DE-9105-D571-3EE1-651AD910CAF3}"
EndProject
Project("{FAE04EC0-301F-11D3-BF4B-00C04F79EFBC}") = "Unity.Collections.CodeGen", "Unity.Collections.CodeGen.csproj", "{6555B57E-722D-A22A-862F-9617455FF630}"
EndProject
Project("{FAE04EC0-301F-11D3-BF4B-00C04F79EFBC}") = "Unity.2D.Tilemap.Extras", "Unity.2D.Tilemap.Extras.csproj", "{C7A015A5-3C79-8E9E-20E4-6B3A90D2EADC}"
EndProject
Project("{FAE04EC0-301F-11D3-BF4B-00C04F79EFBC}") = "Unity.2D.Animation.Runtime", "Unity.2D.Animation.Runtime.csproj", "{9FC9D653-85E4-7774-3239-33EE4F0253B2}"
EndProject
Project("{FAE04EC0-301F-11D3-BF4B-00C04F79EFBC}") = "Unity.Mathematics.Editor", "Unity.Mathematics.Editor.csproj", "{C1DF7226-6DA5-AAC0-C32B-92B14DF2F582}"
EndProject
Project("{FAE04EC0-301F-11D3-BF4B-00C04F79EFBC}") = "Unity.VisualScripting.SettingsProvider.Editor", "Unity.VisualScripting.SettingsProvider.Editor.csproj", "{AD3D37B3-95FF-78CD-013E-674CEE2B6414}"
EndProject
Project("{FAE04EC0-301F-11D3-BF4B-00C04F79EFBC}") = "ShapesSamples", "ShapesSamples.csproj", "{6831A70B-10BF-8238-0B6C-8580A6563279}"
EndProject
Project("{FAE04EC0-301F-11D3-BF4B-00C04F79EFBC}") = "Unity.InputSystem.TestFramework", "Unity.InputSystem.TestFramework.csproj", "{BBAE2DC6-CBD3-CC7D-F4A8-320165D9CA63}"
EndProject
Project("{FAE04EC0-301F-11D3-BF4B-00C04F79EFBC}") = "Unity.VisualScripting.Shared.Editor", "Unity.VisualScripting.Shared.Editor.csproj", "{24A3DB63-5C4D-6251-A433-12D2D61E0A47}"
EndProject
Project("{FAE04EC0-301F-11D3-BF4B-00C04F79EFBC}") = "Unity.2D.Common.Runtime", "Unity.2D.Common.Runtime.csproj", "{BE1670B2-51B3-02D2-92F7-DBE5609FF38D}"
EndProject
Project("{FAE04EC0-301F-11D3-BF4B-00C04F79EFBC}") = "Unity.2D.PixelPerfect", "Unity.2D.PixelPerfect.csproj", "{87160732-E096-0F78-406A-EEDA65AA295A}"
EndProject
Project("{FAE04EC0-301F-11D3-BF4B-00C04F79EFBC}") = "ScriptablePacker", "ScriptablePacker.csproj", "{70CBAB7B-E3BC-61F7-A13E-DF3D92447FE3}"
EndProject
Project("{FAE04EC0-301F-11D3-BF4B-00C04F79EFBC}") = "Unity.Collections.Editor", "Unity.Collections.Editor.csproj", "{62643A9E-5A43-23F5-4AFB-6506EBCE4BDC}"
EndProject
Global
	GlobalSection(SolutionConfigurationPlatforms) = preSolution
		Debug|Any CPU = Debug|Any CPU
		Release|Any CPU = Release|Any CPU
	EndGlobalSection
	GlobalSection(ProjectConfigurationPlatforms) = postSolution
		{70EC06E6-D5C8-34FB-B452-1BC83BA45E45}.Debug|Any CPU.ActiveCfg = Debug|Any CPU
		{70EC06E6-D5C8-34FB-B452-1BC83BA45E45}.Debug|Any CPU.Build.0 = Debug|Any CPU
		{70EC06E6-D5C8-34FB-B452-1BC83BA45E45}.Release|Any CPU.ActiveCfg = Release|Any CPU
		{70EC06E6-D5C8-34FB-B452-1BC83BA45E45}.Release|Any CPU.Build.0 = Release|Any CPU
		{7329283A-78E5-416D-B306-B1540B1DBBD8}.Debug|Any CPU.ActiveCfg = Debug|Any CPU
		{7329283A-78E5-416D-B306-B1540B1DBBD8}.Debug|Any CPU.Build.0 = Debug|Any CPU
		{7329283A-78E5-416D-B306-B1540B1DBBD8}.Release|Any CPU.ActiveCfg = Release|Any CPU
		{7329283A-78E5-416D-B306-B1540B1DBBD8}.Release|Any CPU.Build.0 = Release|Any CPU
		{8D82155A-3C2C-A0E9-A486-0DD7E8F1126C}.Debug|Any CPU.ActiveCfg = Debug|Any CPU
		{8D82155A-3C2C-A0E9-A486-0DD7E8F1126C}.Debug|Any CPU.Build.0 = Debug|Any CPU
		{8D82155A-3C2C-A0E9-A486-0DD7E8F1126C}.Release|Any CPU.ActiveCfg = Release|Any CPU
		{8D82155A-3C2C-A0E9-A486-0DD7E8F1126C}.Release|Any CPU.Build.0 = Release|Any CPU
		{418F1268-33AF-2921-BA77-BFCA4113D69E}.Debug|Any CPU.ActiveCfg = Debug|Any CPU
		{418F1268-33AF-2921-BA77-BFCA4113D69E}.Debug|Any CPU.Build.0 = Debug|Any CPU
		{418F1268-33AF-2921-BA77-BFCA4113D69E}.Release|Any CPU.ActiveCfg = Release|Any CPU
		{418F1268-33AF-2921-BA77-BFCA4113D69E}.Release|Any CPU.Build.0 = Release|Any CPU
		{E58B3F97-65D6-86C8-DB0B-52623779AB52}.Debug|Any CPU.ActiveCfg = Debug|Any CPU
		{E58B3F97-65D6-86C8-DB0B-52623779AB52}.Debug|Any CPU.Build.0 = Debug|Any CPU
		{E58B3F97-65D6-86C8-DB0B-52623779AB52}.Release|Any CPU.ActiveCfg = Release|Any CPU
		{E58B3F97-65D6-86C8-DB0B-52623779AB52}.Release|Any CPU.Build.0 = Release|Any CPU
		{A5468FE1-53CB-894C-3E15-DC5106C348FD}.Debug|Any CPU.ActiveCfg = Debug|Any CPU
		{A5468FE1-53CB-894C-3E15-DC5106C348FD}.Debug|Any CPU.Build.0 = Debug|Any CPU
		{A5468FE1-53CB-894C-3E15-DC5106C348FD}.Release|Any CPU.ActiveCfg = Release|Any CPU
		{A5468FE1-53CB-894C-3E15-DC5106C348FD}.Release|Any CPU.Build.0 = Release|Any CPU
		{A262A9AC-CD42-EE2C-8A38-3B5F69EFF09F}.Debug|Any CPU.ActiveCfg = Debug|Any CPU
		{A262A9AC-CD42-EE2C-8A38-3B5F69EFF09F}.Debug|Any CPU.Build.0 = Debug|Any CPU
		{A262A9AC-CD42-EE2C-8A38-3B5F69EFF09F}.Release|Any CPU.ActiveCfg = Release|Any CPU
		{A262A9AC-CD42-EE2C-8A38-3B5F69EFF09F}.Release|Any CPU.Build.0 = Release|Any CPU
		{522678C8-C8DB-9850-5FEF-B22A62CF8F01}.Debug|Any CPU.ActiveCfg = Debug|Any CPU
		{522678C8-C8DB-9850-5FEF-B22A62CF8F01}.Debug|Any CPU.Build.0 = Debug|Any CPU
		{522678C8-C8DB-9850-5FEF-B22A62CF8F01}.Release|Any CPU.ActiveCfg = Release|Any CPU
		{522678C8-C8DB-9850-5FEF-B22A62CF8F01}.Release|Any CPU.Build.0 = Release|Any CPU
		{57CA521A-B3D6-558F-896E-D4B0DC4C8B50}.Debug|Any CPU.ActiveCfg = Debug|Any CPU
		{57CA521A-B3D6-558F-896E-D4B0DC4C8B50}.Debug|Any CPU.Build.0 = Debug|Any CPU
		{57CA521A-B3D6-558F-896E-D4B0DC4C8B50}.Release|Any CPU.ActiveCfg = Release|Any CPU
		{57CA521A-B3D6-558F-896E-D4B0DC4C8B50}.Release|Any CPU.Build.0 = Release|Any CPU
		{B569AC5C-2064-9BAB-2888-D60369C38BCE}.Debug|Any CPU.ActiveCfg = Debug|Any CPU
		{B569AC5C-2064-9BAB-2888-D60369C38BCE}.Debug|Any CPU.Build.0 = Debug|Any CPU
		{B569AC5C-2064-9BAB-2888-D60369C38BCE}.Release|Any CPU.ActiveCfg = Release|Any CPU
		{B569AC5C-2064-9BAB-2888-D60369C38BCE}.Release|Any CPU.Build.0 = Release|Any CPU
		{611452F9-5D69-6A1C-62EE-84A617E772E0}.Debug|Any CPU.ActiveCfg = Debug|Any CPU
		{611452F9-5D69-6A1C-62EE-84A617E772E0}.Debug|Any CPU.Build.0 = Debug|Any CPU
		{611452F9-5D69-6A1C-62EE-84A617E772E0}.Release|Any CPU.ActiveCfg = Release|Any CPU
		{611452F9-5D69-6A1C-62EE-84A617E772E0}.Release|Any CPU.Build.0 = Release|Any CPU
		{6EE75A4E-B3F9-E5E9-6FC4-1853E011EFE6}.Debug|Any CPU.ActiveCfg = Debug|Any CPU
		{6EE75A4E-B3F9-E5E9-6FC4-1853E011EFE6}.Debug|Any CPU.Build.0 = Debug|Any CPU
		{6EE75A4E-B3F9-E5E9-6FC4-1853E011EFE6}.Release|Any CPU.ActiveCfg = Release|Any CPU
		{6EE75A4E-B3F9-E5E9-6FC4-1853E011EFE6}.Release|Any CPU.Build.0 = Release|Any CPU
		{904407C6-E863-9084-2651-942F9D0EFA8A}.Debug|Any CPU.ActiveCfg = Debug|Any CPU
		{904407C6-E863-9084-2651-942F9D0EFA8A}.Debug|Any CPU.Build.0 = Debug|Any CPU
		{904407C6-E863-9084-2651-942F9D0EFA8A}.Release|Any CPU.ActiveCfg = Release|Any CPU
		{904407C6-E863-9084-2651-942F9D0EFA8A}.Release|Any CPU.Build.0 = Release|Any CPU
		{D5D2B39E-20F4-6C0D-08F4-42E0F29E6405}.Debug|Any CPU.ActiveCfg = Debug|Any CPU
		{D5D2B39E-20F4-6C0D-08F4-42E0F29E6405}.Debug|Any CPU.Build.0 = Debug|Any CPU
		{D5D2B39E-20F4-6C0D-08F4-42E0F29E6405}.Release|Any CPU.ActiveCfg = Release|Any CPU
		{D5D2B39E-20F4-6C0D-08F4-42E0F29E6405}.Release|Any CPU.Build.0 = Release|Any CPU
		{19CD3793-62BD-7A68-0F79-49163DB00A63}.Debug|Any CPU.ActiveCfg = Debug|Any CPU
		{19CD3793-62BD-7A68-0F79-49163DB00A63}.Debug|Any CPU.Build.0 = Debug|Any CPU
		{19CD3793-62BD-7A68-0F79-49163DB00A63}.Release|Any CPU.ActiveCfg = Release|Any CPU
		{19CD3793-62BD-7A68-0F79-49163DB00A63}.Release|Any CPU.Build.0 = Release|Any CPU
		{29E3825C-EF62-D166-8A34-C9169BA73211}.Debug|Any CPU.ActiveCfg = Debug|Any CPU
		{29E3825C-EF62-D166-8A34-C9169BA73211}.Debug|Any CPU.Build.0 = Debug|Any CPU
		{29E3825C-EF62-D166-8A34-C9169BA73211}.Release|Any CPU.ActiveCfg = Release|Any CPU
		{29E3825C-EF62-D166-8A34-C9169BA73211}.Release|Any CPU.Build.0 = Release|Any CPU
		{0A6A04D8-AA05-2A5C-7EFD-850C81B5A3DF}.Debug|Any CPU.ActiveCfg = Debug|Any CPU
		{0A6A04D8-AA05-2A5C-7EFD-850C81B5A3DF}.Debug|Any CPU.Build.0 = Debug|Any CPU
		{0A6A04D8-AA05-2A5C-7EFD-850C81B5A3DF}.Release|Any CPU.ActiveCfg = Release|Any CPU
		{0A6A04D8-AA05-2A5C-7EFD-850C81B5A3DF}.Release|Any CPU.Build.0 = Release|Any CPU
		{A1DFDA10-F963-0C4A-0F49-114D459EBE1B}.Debug|Any CPU.ActiveCfg = Debug|Any CPU
		{A1DFDA10-F963-0C4A-0F49-114D459EBE1B}.Debug|Any CPU.Build.0 = Debug|Any CPU
		{A1DFDA10-F963-0C4A-0F49-114D459EBE1B}.Release|Any CPU.ActiveCfg = Release|Any CPU
		{A1DFDA10-F963-0C4A-0F49-114D459EBE1B}.Release|Any CPU.Build.0 = Release|Any CPU
		{546E1714-9732-E1DC-096E-93ABF2EC1371}.Debug|Any CPU.ActiveCfg = Debug|Any CPU
		{546E1714-9732-E1DC-096E-93ABF2EC1371}.Debug|Any CPU.Build.0 = Debug|Any CPU
		{546E1714-9732-E1DC-096E-93ABF2EC1371}.Release|Any CPU.ActiveCfg = Release|Any CPU
		{546E1714-9732-E1DC-096E-93ABF2EC1371}.Release|Any CPU.Build.0 = Release|Any CPU
		{6DCFED97-EDD2-154A-F4FE-477CCA33FD43}.Debug|Any CPU.ActiveCfg = Debug|Any CPU
		{6DCFED97-EDD2-154A-F4FE-477CCA33FD43}.Debug|Any CPU.Build.0 = Debug|Any CPU
		{6DCFED97-EDD2-154A-F4FE-477CCA33FD43}.Release|Any CPU.ActiveCfg = Release|Any CPU
		{6DCFED97-EDD2-154A-F4FE-477CCA33FD43}.Release|Any CPU.Build.0 = Release|Any CPU
		{40F651D2-12B4-C7AA-E81D-4A6463003185}.Debug|Any CPU.ActiveCfg = Debug|Any CPU
		{40F651D2-12B4-C7AA-E81D-4A6463003185}.Debug|Any CPU.Build.0 = Debug|Any CPU
		{40F651D2-12B4-C7AA-E81D-4A6463003185}.Release|Any CPU.ActiveCfg = Release|Any CPU
		{40F651D2-12B4-C7AA-E81D-4A6463003185}.Release|Any CPU.Build.0 = Release|Any CPU
		{578B6B84-961A-B221-28CC-776B435AE780}.Debug|Any CPU.ActiveCfg = Debug|Any CPU
		{578B6B84-961A-B221-28CC-776B435AE780}.Debug|Any CPU.Build.0 = Debug|Any CPU
		{578B6B84-961A-B221-28CC-776B435AE780}.Release|Any CPU.ActiveCfg = Release|Any CPU
		{578B6B84-961A-B221-28CC-776B435AE780}.Release|Any CPU.Build.0 = Release|Any CPU
		{421F8670-88A8-5F60-A3EA-2ED3FCB0FF19}.Debug|Any CPU.ActiveCfg = Debug|Any CPU
		{421F8670-88A8-5F60-A3EA-2ED3FCB0FF19}.Debug|Any CPU.Build.0 = Debug|Any CPU
		{421F8670-88A8-5F60-A3EA-2ED3FCB0FF19}.Release|Any CPU.ActiveCfg = Release|Any CPU
		{421F8670-88A8-5F60-A3EA-2ED3FCB0FF19}.Release|Any CPU.Build.0 = Release|Any CPU
		{315F992B-9D2A-ED8C-F693-62512C19DA67}.Debug|Any CPU.ActiveCfg = Debug|Any CPU
		{315F992B-9D2A-ED8C-F693-62512C19DA67}.Debug|Any CPU.Build.0 = Debug|Any CPU
		{315F992B-9D2A-ED8C-F693-62512C19DA67}.Release|Any CPU.ActiveCfg = Release|Any CPU
		{315F992B-9D2A-ED8C-F693-62512C19DA67}.Release|Any CPU.Build.0 = Release|Any CPU
		{384BF62B-09D9-F4D7-C079-83F97405959C}.Debug|Any CPU.ActiveCfg = Debug|Any CPU
		{384BF62B-09D9-F4D7-C079-83F97405959C}.Debug|Any CPU.Build.0 = Debug|Any CPU
		{384BF62B-09D9-F4D7-C079-83F97405959C}.Release|Any CPU.ActiveCfg = Release|Any CPU
		{384BF62B-09D9-F4D7-C079-83F97405959C}.Release|Any CPU.Build.0 = Release|Any CPU
		{AEE0A082-FB90-8028-817E-8185261FE2F4}.Debug|Any CPU.ActiveCfg = Debug|Any CPU
		{AEE0A082-FB90-8028-817E-8185261FE2F4}.Debug|Any CPU.Build.0 = Debug|Any CPU
		{AEE0A082-FB90-8028-817E-8185261FE2F4}.Release|Any CPU.ActiveCfg = Release|Any CPU
		{AEE0A082-FB90-8028-817E-8185261FE2F4}.Release|Any CPU.Build.0 = Release|Any CPU
		{67B4DF4E-1BA3-C66C-BEE8-64A7627BED82}.Debug|Any CPU.ActiveCfg = Debug|Any CPU
		{67B4DF4E-1BA3-C66C-BEE8-64A7627BED82}.Debug|Any CPU.Build.0 = Debug|Any CPU
		{67B4DF4E-1BA3-C66C-BEE8-64A7627BED82}.Release|Any CPU.ActiveCfg = Release|Any CPU
		{67B4DF4E-1BA3-C66C-BEE8-64A7627BED82}.Release|Any CPU.Build.0 = Release|Any CPU
		{330AC522-FC94-12CA-29AE-6A0970D7D409}.Debug|Any CPU.ActiveCfg = Debug|Any CPU
		{330AC522-FC94-12CA-29AE-6A0970D7D409}.Debug|Any CPU.Build.0 = Debug|Any CPU
		{330AC522-FC94-12CA-29AE-6A0970D7D409}.Release|Any CPU.ActiveCfg = Release|Any CPU
		{330AC522-FC94-12CA-29AE-6A0970D7D409}.Release|Any CPU.Build.0 = Release|Any CPU
		{DCF7D814-3D17-ABF0-D5F0-59C0294E49D5}.Debug|Any CPU.ActiveCfg = Debug|Any CPU
		{DCF7D814-3D17-ABF0-D5F0-59C0294E49D5}.Debug|Any CPU.Build.0 = Debug|Any CPU
		{DCF7D814-3D17-ABF0-D5F0-59C0294E49D5}.Release|Any CPU.ActiveCfg = Release|Any CPU
		{DCF7D814-3D17-ABF0-D5F0-59C0294E49D5}.Release|Any CPU.Build.0 = Release|Any CPU
		{EF20EF00-C3F0-8A6D-4EAC-9CB5E5046949}.Debug|Any CPU.ActiveCfg = Debug|Any CPU
		{EF20EF00-C3F0-8A6D-4EAC-9CB5E5046949}.Debug|Any CPU.Build.0 = Debug|Any CPU
		{EF20EF00-C3F0-8A6D-4EAC-9CB5E5046949}.Release|Any CPU.ActiveCfg = Release|Any CPU
		{EF20EF00-C3F0-8A6D-4EAC-9CB5E5046949}.Release|Any CPU.Build.0 = Release|Any CPU
		{0784A435-17EE-5852-6306-C186396930B3}.Debug|Any CPU.ActiveCfg = Debug|Any CPU
		{0784A435-17EE-5852-6306-C186396930B3}.Debug|Any CPU.Build.0 = Debug|Any CPU
		{0784A435-17EE-5852-6306-C186396930B3}.Release|Any CPU.ActiveCfg = Release|Any CPU
		{0784A435-17EE-5852-6306-C186396930B3}.Release|Any CPU.Build.0 = Release|Any CPU
		{536A4BB3-FA8B-CE72-4F82-11995CA63D49}.Debug|Any CPU.ActiveCfg = Debug|Any CPU
		{536A4BB3-FA8B-CE72-4F82-11995CA63D49}.Debug|Any CPU.Build.0 = Debug|Any CPU
		{536A4BB3-FA8B-CE72-4F82-11995CA63D49}.Release|Any CPU.ActiveCfg = Release|Any CPU
		{536A4BB3-FA8B-CE72-4F82-11995CA63D49}.Release|Any CPU.Build.0 = Release|Any CPU
		{55255D65-E560-C7CC-B5C2-F5DB40039FDD}.Debug|Any CPU.ActiveCfg = Debug|Any CPU
		{55255D65-E560-C7CC-B5C2-F5DB40039FDD}.Debug|Any CPU.Build.0 = Debug|Any CPU
		{55255D65-E560-C7CC-B5C2-F5DB40039FDD}.Release|Any CPU.ActiveCfg = Release|Any CPU
		{55255D65-E560-C7CC-B5C2-F5DB40039FDD}.Release|Any CPU.Build.0 = Release|Any CPU
		{8C5D24E2-CD51-9ADA-005F-00DE222ECC41}.Debug|Any CPU.ActiveCfg = Debug|Any CPU
		{8C5D24E2-CD51-9ADA-005F-00DE222ECC41}.Debug|Any CPU.Build.0 = Debug|Any CPU
		{8C5D24E2-CD51-9ADA-005F-00DE222ECC41}.Release|Any CPU.ActiveCfg = Release|Any CPU
		{8C5D24E2-CD51-9ADA-005F-00DE222ECC41}.Release|Any CPU.Build.0 = Release|Any CPU
		{36CEF88F-BD4F-7C26-46E7-64AEACB1FC66}.Debug|Any CPU.ActiveCfg = Debug|Any CPU
		{36CEF88F-BD4F-7C26-46E7-64AEACB1FC66}.Debug|Any CPU.Build.0 = Debug|Any CPU
		{36CEF88F-BD4F-7C26-46E7-64AEACB1FC66}.Release|Any CPU.ActiveCfg = Release|Any CPU
		{36CEF88F-BD4F-7C26-46E7-64AEACB1FC66}.Release|Any CPU.Build.0 = Release|Any CPU
		{080584F6-B22E-B40C-8738-F145733C64A3}.Debug|Any CPU.ActiveCfg = Debug|Any CPU
		{080584F6-B22E-B40C-8738-F145733C64A3}.Debug|Any CPU.Build.0 = Debug|Any CPU
		{080584F6-B22E-B40C-8738-F145733C64A3}.Release|Any CPU.ActiveCfg = Release|Any CPU
		{080584F6-B22E-B40C-8738-F145733C64A3}.Release|Any CPU.Build.0 = Release|Any CPU
		{05301D49-F628-DE4A-C418-420576C001A1}.Debug|Any CPU.ActiveCfg = Debug|Any CPU
		{05301D49-F628-DE4A-C418-420576C001A1}.Debug|Any CPU.Build.0 = Debug|Any CPU
		{05301D49-F628-DE4A-C418-420576C001A1}.Release|Any CPU.ActiveCfg = Release|Any CPU
		{05301D49-F628-DE4A-C418-420576C001A1}.Release|Any CPU.Build.0 = Release|Any CPU
		{89F14DF8-F1F6-7699-A9A8-B043746B1C01}.Debug|Any CPU.ActiveCfg = Debug|Any CPU
		{89F14DF8-F1F6-7699-A9A8-B043746B1C01}.Debug|Any CPU.Build.0 = Debug|Any CPU
		{89F14DF8-F1F6-7699-A9A8-B043746B1C01}.Release|Any CPU.ActiveCfg = Release|Any CPU
		{89F14DF8-F1F6-7699-A9A8-B043746B1C01}.Release|Any CPU.Build.0 = Release|Any CPU
		{48E3A83F-1BEE-279B-C8F7-A867D7662CF4}.Debug|Any CPU.ActiveCfg = Debug|Any CPU
		{48E3A83F-1BEE-279B-C8F7-A867D7662CF4}.Debug|Any CPU.Build.0 = Debug|Any CPU
		{48E3A83F-1BEE-279B-C8F7-A867D7662CF4}.Release|Any CPU.ActiveCfg = Release|Any CPU
		{48E3A83F-1BEE-279B-C8F7-A867D7662CF4}.Release|Any CPU.Build.0 = Release|Any CPU
		{2E0D1923-1E9C-BCF7-7AA2-BC52F30B9DBC}.Debug|Any CPU.ActiveCfg = Debug|Any CPU
		{2E0D1923-1E9C-BCF7-7AA2-BC52F30B9DBC}.Debug|Any CPU.Build.0 = Debug|Any CPU
		{2E0D1923-1E9C-BCF7-7AA2-BC52F30B9DBC}.Release|Any CPU.ActiveCfg = Release|Any CPU
		{2E0D1923-1E9C-BCF7-7AA2-BC52F30B9DBC}.Release|Any CPU.Build.0 = Release|Any CPU
		{B0BB7751-2D96-5D62-3F93-D926A49D9BDB}.Debug|Any CPU.ActiveCfg = Debug|Any CPU
		{B0BB7751-2D96-5D62-3F93-D926A49D9BDB}.Debug|Any CPU.Build.0 = Debug|Any CPU
		{B0BB7751-2D96-5D62-3F93-D926A49D9BDB}.Release|Any CPU.ActiveCfg = Release|Any CPU
		{B0BB7751-2D96-5D62-3F93-D926A49D9BDB}.Release|Any CPU.Build.0 = Release|Any CPU
		{E3D556DE-9105-D571-3EE1-651AD910CAF3}.Debug|Any CPU.ActiveCfg = Debug|Any CPU
		{E3D556DE-9105-D571-3EE1-651AD910CAF3}.Debug|Any CPU.Build.0 = Debug|Any CPU
		{E3D556DE-9105-D571-3EE1-651AD910CAF3}.Release|Any CPU.ActiveCfg = Release|Any CPU
		{E3D556DE-9105-D571-3EE1-651AD910CAF3}.Release|Any CPU.Build.0 = Release|Any CPU
		{6555B57E-722D-A22A-862F-9617455FF630}.Debug|Any CPU.ActiveCfg = Debug|Any CPU
		{6555B57E-722D-A22A-862F-9617455FF630}.Debug|Any CPU.Build.0 = Debug|Any CPU
		{6555B57E-722D-A22A-862F-9617455FF630}.Release|Any CPU.ActiveCfg = Release|Any CPU
		{6555B57E-722D-A22A-862F-9617455FF630}.Release|Any CPU.Build.0 = Release|Any CPU
		{C7A015A5-3C79-8E9E-20E4-6B3A90D2EADC}.Debug|Any CPU.ActiveCfg = Debug|Any CPU
		{C7A015A5-3C79-8E9E-20E4-6B3A90D2EADC}.Debug|Any CPU.Build.0 = Debug|Any CPU
		{C7A015A5-3C79-8E9E-20E4-6B3A90D2EADC}.Release|Any CPU.ActiveCfg = Release|Any CPU
		{C7A015A5-3C79-8E9E-20E4-6B3A90D2EADC}.Release|Any CPU.Build.0 = Release|Any CPU
		{9FC9D653-85E4-7774-3239-33EE4F0253B2}.Debug|Any CPU.ActiveCfg = Debug|Any CPU
		{9FC9D653-85E4-7774-3239-33EE4F0253B2}.Debug|Any CPU.Build.0 = Debug|Any CPU
		{9FC9D653-85E4-7774-3239-33EE4F0253B2}.Release|Any CPU.ActiveCfg = Release|Any CPU
		{9FC9D653-85E4-7774-3239-33EE4F0253B2}.Release|Any CPU.Build.0 = Release|Any CPU
		{C1DF7226-6DA5-AAC0-C32B-92B14DF2F582}.Debug|Any CPU.ActiveCfg = Debug|Any CPU
		{C1DF7226-6DA5-AAC0-C32B-92B14DF2F582}.Debug|Any CPU.Build.0 = Debug|Any CPU
		{C1DF7226-6DA5-AAC0-C32B-92B14DF2F582}.Release|Any CPU.ActiveCfg = Release|Any CPU
		{C1DF7226-6DA5-AAC0-C32B-92B14DF2F582}.Release|Any CPU.Build.0 = Release|Any CPU
		{AD3D37B3-95FF-78CD-013E-674CEE2B6414}.Debug|Any CPU.ActiveCfg = Debug|Any CPU
		{AD3D37B3-95FF-78CD-013E-674CEE2B6414}.Debug|Any CPU.Build.0 = Debug|Any CPU
		{AD3D37B3-95FF-78CD-013E-674CEE2B6414}.Release|Any CPU.ActiveCfg = Release|Any CPU
		{AD3D37B3-95FF-78CD-013E-674CEE2B6414}.Release|Any CPU.Build.0 = Release|Any CPU
		{6831A70B-10BF-8238-0B6C-8580A6563279}.Debug|Any CPU.ActiveCfg = Debug|Any CPU
		{6831A70B-10BF-8238-0B6C-8580A6563279}.Debug|Any CPU.Build.0 = Debug|Any CPU
		{6831A70B-10BF-8238-0B6C-8580A6563279}.Release|Any CPU.ActiveCfg = Release|Any CPU
		{6831A70B-10BF-8238-0B6C-8580A6563279}.Release|Any CPU.Build.0 = Release|Any CPU
		{BBAE2DC6-CBD3-CC7D-F4A8-320165D9CA63}.Debug|Any CPU.ActiveCfg = Debug|Any CPU
		{BBAE2DC6-CBD3-CC7D-F4A8-320165D9CA63}.Debug|Any CPU.Build.0 = Debug|Any CPU
		{BBAE2DC6-CBD3-CC7D-F4A8-320165D9CA63}.Release|Any CPU.ActiveCfg = Release|Any CPU
		{BBAE2DC6-CBD3-CC7D-F4A8-320165D9CA63}.Release|Any CPU.Build.0 = Release|Any CPU
		{24A3DB63-5C4D-6251-A433-12D2D61E0A47}.Debug|Any CPU.ActiveCfg = Debug|Any CPU
		{24A3DB63-5C4D-6251-A433-12D2D61E0A47}.Debug|Any CPU.Build.0 = Debug|Any CPU
		{24A3DB63-5C4D-6251-A433-12D2D61E0A47}.Release|Any CPU.ActiveCfg = Release|Any CPU
		{24A3DB63-5C4D-6251-A433-12D2D61E0A47}.Release|Any CPU.Build.0 = Release|Any CPU
		{BE1670B2-51B3-02D2-92F7-DBE5609FF38D}.Debug|Any CPU.ActiveCfg = Debug|Any CPU
		{BE1670B2-51B3-02D2-92F7-DBE5609FF38D}.Debug|Any CPU.Build.0 = Debug|Any CPU
		{BE1670B2-51B3-02D2-92F7-DBE5609FF38D}.Release|Any CPU.ActiveCfg = Release|Any CPU
		{BE1670B2-51B3-02D2-92F7-DBE5609FF38D}.Release|Any CPU.Build.0 = Release|Any CPU
		{87160732-E096-0F78-406A-EEDA65AA295A}.Debug|Any CPU.ActiveCfg = Debug|Any CPU
		{87160732-E096-0F78-406A-EEDA65AA295A}.Debug|Any CPU.Build.0 = Debug|Any CPU
		{87160732-E096-0F78-406A-EEDA65AA295A}.Release|Any CPU.ActiveCfg = Release|Any CPU
		{87160732-E096-0F78-406A-EEDA65AA295A}.Release|Any CPU.Build.0 = Release|Any CPU
		{70CBAB7B-E3BC-61F7-A13E-DF3D92447FE3}.Debug|Any CPU.ActiveCfg = Debug|Any CPU
		{70CBAB7B-E3BC-61F7-A13E-DF3D92447FE3}.Debug|Any CPU.Build.0 = Debug|Any CPU
		{70CBAB7B-E3BC-61F7-A13E-DF3D92447FE3}.Release|Any CPU.ActiveCfg = Release|Any CPU
		{70CBAB7B-E3BC-61F7-A13E-DF3D92447FE3}.Release|Any CPU.Build.0 = Release|Any CPU
		{62643A9E-5A43-23F5-4AFB-6506EBCE4BDC}.Debug|Any CPU.ActiveCfg = Debug|Any CPU
		{62643A9E-5A43-23F5-4AFB-6506EBCE4BDC}.Debug|Any CPU.Build.0 = Debug|Any CPU
		{62643A9E-5A43-23F5-4AFB-6506EBCE4BDC}.Release|Any CPU.ActiveCfg = Release|Any CPU
		{62643A9E-5A43-23F5-4AFB-6506EBCE4BDC}.Release|Any CPU.Build.0 = Release|Any CPU
	EndGlobalSection
	GlobalSection(SolutionProperties) = preSolution
		HideSolutionNode = FALSE
	EndGlobalSection
EndGlobal
