
Microsoft Visual Studio Solution File, Format Version 12.00
# Visual Studio 15
Project("{FAE04EC0-301F-11D3-BF4B-00C04F79EFBC}") = "Unity.Timeline", "Unity.Timeline.csproj", "{A7B90B5A-324C-3B5B-540F-6D6354AE642B}"
EndProject
Project("{FAE04EC0-301F-11D3-BF4B-00C04F79EFBC}") = "Unity.PlasticSCM.Editor", "Unity.PlasticSCM.Editor.csproj", "{A45938E7-FD32-EC0B-2476-2FA906B038B4}"
EndProject
Project("{FAE04EC0-301F-11D3-BF4B-00C04F79EFBC}") = "Unity.2D.Aseprite.Editor", "Unity.2D.Aseprite.Editor.csproj", "{4861E213-1C49-947B-97B4-CA23857E6836}"
EndProject
Project("{FAE04EC0-301F-11D3-BF4B-00C04F79EFBC}") = "Unity.Mathematics", "Unity.Mathematics.csproj", "{69942936-598F-ACFE-B09B-E4BE00A5D222}"
EndProject
Project("{FAE04EC0-301F-11D3-BF4B-00C04F79EFBC}") = "Unity.Timeline.Editor", "Unity.Timeline.Editor.csproj", "{A5E08F83-674E-5FA5-9293-DF77F7DED56A}"
EndProject
Project("{FAE04EC0-301F-11D3-BF4B-00C04F79EFBC}") = "Unity.Collections", "Unity.Collections.csproj", "{DDB7E0F7-BC56-2EFC-BD96-D02B0ACB090D}"
EndProject
Project("{FAE04EC0-301F-11D3-BF4B-00C04F79EFBC}") = "Unity.2D.IK.Runtime", "Unity.2D.IK.Runtime.csproj", "{FF10571A-019B-6E1F-3774-A46787EE4067}"
EndProject
Project("{FAE04EC0-301F-11D3-BF4B-00C04F79EFBC}") = "Unity.2D.Psdimporter.Editor", "Unity.2D.Psdimporter.Editor.csproj", "{3252987E-800F-DE5D-E959-372CC26F5317}"
EndProject
Project("{FAE04EC0-301F-11D3-BF4B-00C04F79EFBC}") = "Unity.VisualScripting.Core.Editor", "Unity.VisualScripting.Core.Editor.csproj", "{C2D13A74-2E86-B137-5BD7-088A2A82F45E}"
EndProject
Project("{FAE04EC0-301F-11D3-BF4B-00C04F79EFBC}") = "Unity.PerformanceTesting.Editor", "Unity.PerformanceTesting.Editor.csproj", "{514BB302-6316-47A1-78D5-239E7E303BE3}"
EndProject
Project("{FAE04EC0-301F-11D3-BF4B-00C04F79EFBC}") = "UnityEngine.TestRunner", "UnityEngine.TestRunner.csproj", "{EA3DC556-EB45-C9C1-E274-1DFC9C3327B0}"
EndProject
Project("{FAE04EC0-301F-11D3-BF4B-00C04F79EFBC}") = "Unity.Burst", "Unity.Burst.csproj", "{86D7D349-DAA3-B9C9-5AA9-551342BD49F3}"
EndProject
Project("{FAE04EC0-301F-11D3-BF4B-00C04F79EFBC}") = "Unity.VisualScripting.Flow.Editor", "Unity.VisualScripting.Flow.Editor.csproj", "{CEF4A946-DD39-3DCA-5E48-7CBCC672DF8F}"
EndProject
Project("{FAE04EC0-301F-11D3-BF4B-00C04F79EFBC}") = "ShapesRuntime", "ShapesRuntime.csproj", "{3C586BA6-2C81-D3A6-41FE-68EEE7399689}"
EndProject
Project("{FAE04EC0-301F-11D3-BF4B-00C04F79EFBC}") = "Unity.2D.SpriteShape.Editor", "Unity.2D.SpriteShape.Editor.csproj", "{84D72B2B-D8AD-5138-BC26-79FFF57DC565}"
EndProject
Project("{FAE04EC0-301F-11D3-BF4B-00C04F79EFBC}") = "Unity.VisualStudio.Editor", "Unity.VisualStudio.Editor.csproj", "{4248192E-984F-4E15-D06F-B5489EDE93F7}"
EndProject
Project("{FAE04EC0-301F-11D3-BF4B-00C04F79EFBC}") = "Unity.InputSystem", "Unity.InputSystem.csproj", "{1695A8DB-32BB-83E5-E744-33BAC6A5B02E}"
EndProject
Project("{FAE04EC0-301F-11D3-BF4B-00C04F79EFBC}") = "Unity.2D.Animation.Editor", "Unity.2D.Animation.Editor.csproj", "{2CAC117B-F88B-4C58-4191-D2810CD0E019}"
EndProject
Project("{FAE04EC0-301F-11D3-BF4B-00C04F79EFBC}") = "Unity.Searcher.Editor", "Unity.Searcher.Editor.csproj", "{8E854D23-F09B-84D7-037C-A76A9DEF2AC4}"
EndProject
Project("{FAE04EC0-301F-11D3-BF4B-00C04F79EFBC}") = "Unity.2D.SpriteShape.Runtime", "Unity.2D.SpriteShape.Runtime.csproj", "{C3D220CF-3484-35BA-2A68-5D32BC3260B1}"
EndProject
Project("{FAE04EC0-301F-11D3-BF4B-00C04F79EFBC}") = "UnityEditor.TestRunner", "UnityEditor.TestRunner.csproj", "{0B916075-21CF-ADC8-38E6-85DE35C4B9F4}"
EndProject
Project("{FAE04EC0-301F-11D3-BF4B-00C04F79EFBC}") = "Unity.VisualScripting.Core", "Unity.VisualScripting.Core.csproj", "{35C767BF-B41C-4DA9-BEEA-1A73DE8677E8}"
EndProject
Project("{FAE04EC0-301F-11D3-BF4B-00C04F79EFBC}") = "Unity.CollabProxy.Editor", "Unity.CollabProxy.Editor.csproj", "{35A633E6-D170-72D5-401D-28B20C8BCF9B}"
EndProject
Project("{FAE04EC0-301F-11D3-BF4B-00C04F79EFBC}") = "ShapesEditor", "ShapesEditor.csproj", "{A9080A7E-3BA9-AB95-01B8-A53EBC214CD1}"
EndProject
Project("{FAE04EC0-301F-11D3-BF4B-00C04F79EFBC}") = "Unity.VisualScripting.State.Editor", "Unity.VisualScripting.State.Editor.csproj", "{85CDF5E0-2659-B512-85F1-EAD50111638B}"
EndProject
Project("{FAE04EC0-301F-11D3-BF4B-00C04F79EFBC}") = "Unity.Burst.CodeGen", "Unity.Burst.CodeGen.csproj", "{1C58AE39-D4BB-969E-B199-8B35781311F2}"
EndProject
Project("{FAE04EC0-301F-11D3-BF4B-00C04F79EFBC}") = "Unity.VisualScripting.Flow", "Unity.VisualScripting.Flow.csproj", "{23038506-9A98-233A-B243-A065717198F3}"
EndProject
Project("{FAE04EC0-301F-11D3-BF4B-00C04F79EFBC}") = "Unity.PerformanceTesting", "Unity.PerformanceTesting.csproj", "{0309AF09-B9D1-2481-9D66-52AA30F00080}"
EndProject
Project("{FAE04EC0-301F-11D3-BF4B-00C04F79EFBC}") = "Unity.2D.Tilemap.Extras.Editor", "Unity.2D.Tilemap.Extras.Editor.csproj", "{F4094FF2-5F34-44AC-74C8-F320170B8D14}"
EndProject
Project("{FAE04EC0-301F-11D3-BF4B-00C04F79EFBC}") = "PsdPlugin", "PsdPlugin.csproj", "{710FAA61-A5E2-B286-C842-C4C726BE9933}"
EndProject
Project("{FAE04EC0-301F-11D3-BF4B-00C04F79EFBC}") = "Unity.2D.IK.Editor", "Unity.2D.IK.Editor.csproj", "{704E2CF5-47BF-6C4C-837D-388C08DA55E1}"
EndProject
Project("{FAE04EC0-301F-11D3-BF4B-00C04F79EFBC}") = "Unity.InternalAPIEngineBridge.001", "Unity.InternalAPIEngineBridge.001.csproj", "{812C4223-5FD1-911F-7567-ABFDBDBDCD59}"
EndProject
Project("{FAE04EC0-301F-11D3-BF4B-00C04F79EFBC}") = "Unity.2D.Aseprite.Common", "Unity.2D.Aseprite.Common.csproj", "{0AEC75A4-42C8-8827-E1C5-77C4C4800F15}"
EndProject
Project("{FAE04EC0-301F-11D3-BF4B-00C04F79EFBC}") = "Unity.Burst.Editor", "Unity.Burst.Editor.csproj", "{234B8F2C-60E0-6867-D4F3-69C44EB3B28F}"
EndProject
Project("{FAE04EC0-301F-11D3-BF4B-00C04F79EFBC}") = "Unity.2D.Common.Path.Editor", "Unity.2D.Common.Path.Editor.csproj", "{5C2F8088-92C9-5F82-4844-4DBF02AACB16}"
EndProject
Project("{FAE04EC0-301F-11D3-BF4B-00C04F79EFBC}") = "Unity.2D.Common.Editor", "Unity.2D.Common.Editor.csproj", "{8BA9D54D-602D-6E31-FA22-4E916F08452C}"
EndProject
Project("{FAE04EC0-301F-11D3-BF4B-00C04F79EFBC}") = "Assembly-CSharp", "Assembly-CSharp.csproj", "{FF9D1BD2-CF19-9FB6-94BF-D4143A8B1398}"
EndProject
Project("{FAE04EC0-301F-11D3-BF4B-00C04F79EFBC}") = "Unity.Rider.Editor", "Unity.Rider.Editor.csproj", "{2F1C3263-14E5-20A4-E7B7-E3711F976C19}"
EndProject
Project("{FAE04EC0-301F-11D3-BF4B-00C04F79EFBC}") = "Unity.VisualScripting.State", "Unity.VisualScripting.State.csproj", "{B3CCE85B-A04A-C3C3-752B-32C9587ACF1F}"
EndProject
Project("{FAE04EC0-301F-11D3-BF4B-00C04F79EFBC}") = "Unity.InternalAPIEditorBridge.001", "Unity.InternalAPIEditorBridge.001.csproj", "{3D26E76D-FE08-3333-CB4E-79EA43653E8E}"
EndProject
Project("{FAE04EC0-301F-11D3-BF4B-00C04F79EFBC}") = "Unity.2D.PixelPerfect.Editor", "Unity.2D.PixelPerfect.Editor.csproj", "{7D9CB65E-80B8-5E29-62C5-BF62AEB0AE1E}"
EndProject
Project("{FAE04EC0-301F-11D3-BF4B-00C04F79EFBC}") = "Unity.InputSystem.ForUI", "Unity.InputSystem.ForUI.csproj", "{3EBF3086-F9F4-B961-E90F-77D55E1BFF33}"
EndProject
Project("{FAE04EC0-301F-11D3-BF4B-00C04F79EFBC}") = "Unity.Collections.CodeGen", "Unity.Collections.CodeGen.csproj", "{B0E293CF-35C6-1169-6B02-326223F109E7}"
EndProject
Project("{FAE04EC0-301F-11D3-BF4B-00C04F79EFBC}") = "Unity.2D.Tilemap.Extras", "Unity.2D.Tilemap.Extras.csproj", "{8DB635CC-5A4B-7FE3-CA1E-B426C0EBE509}"
EndProject
Project("{FAE04EC0-301F-11D3-BF4B-00C04F79EFBC}") = "Unity.2D.Animation.Runtime", "Unity.2D.Animation.Runtime.csproj", "{2B9F0BE6-F870-9E5F-C3F2-FBFA26DD32B1}"
EndProject
Project("{FAE04EC0-301F-11D3-BF4B-00C04F79EFBC}") = "Unity.Mathematics.Editor", "Unity.Mathematics.Editor.csproj", "{29838B95-FD3F-0C1C-DDDD-37B4D0DE9C05}"
EndProject
Project("{FAE04EC0-301F-11D3-BF4B-00C04F79EFBC}") = "Unity.VisualScripting.SettingsProvider.Editor", "Unity.VisualScripting.SettingsProvider.Editor.csproj", "{AEE19727-AB3E-2102-D573-C31D76FBDF3E}"
EndProject
Project("{FAE04EC0-301F-11D3-BF4B-00C04F79EFBC}") = "ShapesSamples", "ShapesSamples.csproj", "{E1BA715A-8596-CDAD-8CFB-E70295470488}"
EndProject
Project("{FAE04EC0-301F-11D3-BF4B-00C04F79EFBC}") = "Unity.InputSystem.TestFramework", "Unity.InputSystem.TestFramework.csproj", "{4548E7E3-7D55-19FD-C2E2-B235CCACAF61}"
EndProject
Project("{FAE04EC0-301F-11D3-BF4B-00C04F79EFBC}") = "Unity.VisualScripting.Shared.Editor", "Unity.VisualScripting.Shared.Editor.csproj", "{4AB18235-0BE2-E200-1E1C-FB334A2872F2}"
EndProject
Project("{FAE04EC0-301F-11D3-BF4B-00C04F79EFBC}") = "Unity.2D.Common.Runtime", "Unity.2D.Common.Runtime.csproj", "{67DCC543-3955-171F-0F5A-61BF930FDD8D}"
EndProject
Project("{FAE04EC0-301F-11D3-BF4B-00C04F79EFBC}") = "Unity.2D.PixelPerfect", "Unity.2D.PixelPerfect.csproj", "{C73046A6-13C4-45B1-CB81-3917C68E1CDE}"
EndProject
Project("{FAE04EC0-301F-11D3-BF4B-00C04F79EFBC}") = "ScriptablePacker", "ScriptablePacker.csproj", "{337FFDD4-13BD-B089-FD61-8C73465CC245}"
EndProject
Project("{FAE04EC0-301F-11D3-BF4B-00C04F79EFBC}") = "Unity.Collections.Editor", "Unity.Collections.Editor.csproj", "{3AABFCFA-4737-9F53-142F-EEE81EB35074}"
EndProject
Global
	GlobalSection(SolutionConfigurationPlatforms) = preSolution
		Debug|Any CPU = Debug|Any CPU
		Release|Any CPU = Release|Any CPU
	EndGlobalSection
	GlobalSection(ProjectConfigurationPlatforms) = postSolution
		{A7B90B5A-324C-3B5B-540F-6D6354AE642B}.Debug|Any CPU.ActiveCfg = Debug|Any CPU
		{A7B90B5A-324C-3B5B-540F-6D6354AE642B}.Debug|Any CPU.Build.0 = Debug|Any CPU
		{A7B90B5A-324C-3B5B-540F-6D6354AE642B}.Release|Any CPU.ActiveCfg = Release|Any CPU
		{A7B90B5A-324C-3B5B-540F-6D6354AE642B}.Release|Any CPU.Build.0 = Release|Any CPU
		{A45938E7-FD32-EC0B-2476-2FA906B038B4}.Debug|Any CPU.ActiveCfg = Debug|Any CPU
		{A45938E7-FD32-EC0B-2476-2FA906B038B4}.Debug|Any CPU.Build.0 = Debug|Any CPU
		{A45938E7-FD32-EC0B-2476-2FA906B038B4}.Release|Any CPU.ActiveCfg = Release|Any CPU
		{A45938E7-FD32-EC0B-2476-2FA906B038B4}.Release|Any CPU.Build.0 = Release|Any CPU
		{4861E213-1C49-947B-97B4-CA23857E6836}.Debug|Any CPU.ActiveCfg = Debug|Any CPU
		{4861E213-1C49-947B-97B4-CA23857E6836}.Debug|Any CPU.Build.0 = Debug|Any CPU
		{4861E213-1C49-947B-97B4-CA23857E6836}.Release|Any CPU.ActiveCfg = Release|Any CPU
		{4861E213-1C49-947B-97B4-CA23857E6836}.Release|Any CPU.Build.0 = Release|Any CPU
		{69942936-598F-ACFE-B09B-E4BE00A5D222}.Debug|Any CPU.ActiveCfg = Debug|Any CPU
		{69942936-598F-ACFE-B09B-E4BE00A5D222}.Debug|Any CPU.Build.0 = Debug|Any CPU
		{69942936-598F-ACFE-B09B-E4BE00A5D222}.Release|Any CPU.ActiveCfg = Release|Any CPU
		{69942936-598F-ACFE-B09B-E4BE00A5D222}.Release|Any CPU.Build.0 = Release|Any CPU
		{A5E08F83-674E-5FA5-9293-DF77F7DED56A}.Debug|Any CPU.ActiveCfg = Debug|Any CPU
		{A5E08F83-674E-5FA5-9293-DF77F7DED56A}.Debug|Any CPU.Build.0 = Debug|Any CPU
		{A5E08F83-674E-5FA5-9293-DF77F7DED56A}.Release|Any CPU.ActiveCfg = Release|Any CPU
		{A5E08F83-674E-5FA5-9293-DF77F7DED56A}.Release|Any CPU.Build.0 = Release|Any CPU
		{DDB7E0F7-BC56-2EFC-BD96-D02B0ACB090D}.Debug|Any CPU.ActiveCfg = Debug|Any CPU
		{DDB7E0F7-BC56-2EFC-BD96-D02B0ACB090D}.Debug|Any CPU.Build.0 = Debug|Any CPU
		{DDB7E0F7-BC56-2EFC-BD96-D02B0ACB090D}.Release|Any CPU.ActiveCfg = Release|Any CPU
		{DDB7E0F7-BC56-2EFC-BD96-D02B0ACB090D}.Release|Any CPU.Build.0 = Release|Any CPU
		{FF10571A-019B-6E1F-3774-A46787EE4067}.Debug|Any CPU.ActiveCfg = Debug|Any CPU
		{FF10571A-019B-6E1F-3774-A46787EE4067}.Debug|Any CPU.Build.0 = Debug|Any CPU
		{FF10571A-019B-6E1F-3774-A46787EE4067}.Release|Any CPU.ActiveCfg = Release|Any CPU
		{FF10571A-019B-6E1F-3774-A46787EE4067}.Release|Any CPU.Build.0 = Release|Any CPU
		{3252987E-800F-DE5D-E959-372CC26F5317}.Debug|Any CPU.ActiveCfg = Debug|Any CPU
		{3252987E-800F-DE5D-E959-372CC26F5317}.Debug|Any CPU.Build.0 = Debug|Any CPU
		{3252987E-800F-DE5D-E959-372CC26F5317}.Release|Any CPU.ActiveCfg = Release|Any CPU
		{3252987E-800F-DE5D-E959-372CC26F5317}.Release|Any CPU.Build.0 = Release|Any CPU
		{C2D13A74-2E86-B137-5BD7-088A2A82F45E}.Debug|Any CPU.ActiveCfg = Debug|Any CPU
		{C2D13A74-2E86-B137-5BD7-088A2A82F45E}.Debug|Any CPU.Build.0 = Debug|Any CPU
		{C2D13A74-2E86-B137-5BD7-088A2A82F45E}.Release|Any CPU.ActiveCfg = Release|Any CPU
		{C2D13A74-2E86-B137-5BD7-088A2A82F45E}.Release|Any CPU.Build.0 = Release|Any CPU
		{514BB302-6316-47A1-78D5-239E7E303BE3}.Debug|Any CPU.ActiveCfg = Debug|Any CPU
		{514BB302-6316-47A1-78D5-239E7E303BE3}.Debug|Any CPU.Build.0 = Debug|Any CPU
		{514BB302-6316-47A1-78D5-239E7E303BE3}.Release|Any CPU.ActiveCfg = Release|Any CPU
		{514BB302-6316-47A1-78D5-239E7E303BE3}.Release|Any CPU.Build.0 = Release|Any CPU
		{EA3DC556-EB45-C9C1-E274-1DFC9C3327B0}.Debug|Any CPU.ActiveCfg = Debug|Any CPU
		{EA3DC556-EB45-C9C1-E274-1DFC9C3327B0}.Debug|Any CPU.Build.0 = Debug|Any CPU
		{EA3DC556-EB45-C9C1-E274-1DFC9C3327B0}.Release|Any CPU.ActiveCfg = Release|Any CPU
		{EA3DC556-EB45-C9C1-E274-1DFC9C3327B0}.Release|Any CPU.Build.0 = Release|Any CPU
		{86D7D349-DAA3-B9C9-5AA9-551342BD49F3}.Debug|Any CPU.ActiveCfg = Debug|Any CPU
		{86D7D349-DAA3-B9C9-5AA9-551342BD49F3}.Debug|Any CPU.Build.0 = Debug|Any CPU
		{86D7D349-DAA3-B9C9-5AA9-551342BD49F3}.Release|Any CPU.ActiveCfg = Release|Any CPU
		{86D7D349-DAA3-B9C9-5AA9-551342BD49F3}.Release|Any CPU.Build.0 = Release|Any CPU
		{CEF4A946-DD39-3DCA-5E48-7CBCC672DF8F}.Debug|Any CPU.ActiveCfg = Debug|Any CPU
		{CEF4A946-DD39-3DCA-5E48-7CBCC672DF8F}.Debug|Any CPU.Build.0 = Debug|Any CPU
		{CEF4A946-DD39-3DCA-5E48-7CBCC672DF8F}.Release|Any CPU.ActiveCfg = Release|Any CPU
		{CEF4A946-DD39-3DCA-5E48-7CBCC672DF8F}.Release|Any CPU.Build.0 = Release|Any CPU
		{3C586BA6-2C81-D3A6-41FE-68EEE7399689}.Debug|Any CPU.ActiveCfg = Debug|Any CPU
		{3C586BA6-2C81-D3A6-41FE-68EEE7399689}.Debug|Any CPU.Build.0 = Debug|Any CPU
		{3C586BA6-2C81-D3A6-41FE-68EEE7399689}.Release|Any CPU.ActiveCfg = Release|Any CPU
		{3C586BA6-2C81-D3A6-41FE-68EEE7399689}.Release|Any CPU.Build.0 = Release|Any CPU
		{84D72B2B-D8AD-5138-BC26-79FFF57DC565}.Debug|Any CPU.ActiveCfg = Debug|Any CPU
		{84D72B2B-D8AD-5138-BC26-79FFF57DC565}.Debug|Any CPU.Build.0 = Debug|Any CPU
		{84D72B2B-D8AD-5138-BC26-79FFF57DC565}.Release|Any CPU.ActiveCfg = Release|Any CPU
		{84D72B2B-D8AD-5138-BC26-79FFF57DC565}.Release|Any CPU.Build.0 = Release|Any CPU
		{4248192E-984F-4E15-D06F-B5489EDE93F7}.Debug|Any CPU.ActiveCfg = Debug|Any CPU
		{4248192E-984F-4E15-D06F-B5489EDE93F7}.Debug|Any CPU.Build.0 = Debug|Any CPU
		{4248192E-984F-4E15-D06F-B5489EDE93F7}.Release|Any CPU.ActiveCfg = Release|Any CPU
		{4248192E-984F-4E15-D06F-B5489EDE93F7}.Release|Any CPU.Build.0 = Release|Any CPU
		{1695A8DB-32BB-83E5-E744-33BAC6A5B02E}.Debug|Any CPU.ActiveCfg = Debug|Any CPU
		{1695A8DB-32BB-83E5-E744-33BAC6A5B02E}.Debug|Any CPU.Build.0 = Debug|Any CPU
		{1695A8DB-32BB-83E5-E744-33BAC6A5B02E}.Release|Any CPU.ActiveCfg = Release|Any CPU
		{1695A8DB-32BB-83E5-E744-33BAC6A5B02E}.Release|Any CPU.Build.0 = Release|Any CPU
		{2CAC117B-F88B-4C58-4191-D2810CD0E019}.Debug|Any CPU.ActiveCfg = Debug|Any CPU
		{2CAC117B-F88B-4C58-4191-D2810CD0E019}.Debug|Any CPU.Build.0 = Debug|Any CPU
		{2CAC117B-F88B-4C58-4191-D2810CD0E019}.Release|Any CPU.ActiveCfg = Release|Any CPU
		{2CAC117B-F88B-4C58-4191-D2810CD0E019}.Release|Any CPU.Build.0 = Release|Any CPU
		{8E854D23-F09B-84D7-037C-A76A9DEF2AC4}.Debug|Any CPU.ActiveCfg = Debug|Any CPU
		{8E854D23-F09B-84D7-037C-A76A9DEF2AC4}.Debug|Any CPU.Build.0 = Debug|Any CPU
		{8E854D23-F09B-84D7-037C-A76A9DEF2AC4}.Release|Any CPU.ActiveCfg = Release|Any CPU
		{8E854D23-F09B-84D7-037C-A76A9DEF2AC4}.Release|Any CPU.Build.0 = Release|Any CPU
		{C3D220CF-3484-35BA-2A68-5D32BC3260B1}.Debug|Any CPU.ActiveCfg = Debug|Any CPU
		{C3D220CF-3484-35BA-2A68-5D32BC3260B1}.Debug|Any CPU.Build.0 = Debug|Any CPU
		{C3D220CF-3484-35BA-2A68-5D32BC3260B1}.Release|Any CPU.ActiveCfg = Release|Any CPU
		{C3D220CF-3484-35BA-2A68-5D32BC3260B1}.Release|Any CPU.Build.0 = Release|Any CPU
		{0B916075-21CF-ADC8-38E6-85DE35C4B9F4}.Debug|Any CPU.ActiveCfg = Debug|Any CPU
		{0B916075-21CF-ADC8-38E6-85DE35C4B9F4}.Debug|Any CPU.Build.0 = Debug|Any CPU
		{0B916075-21CF-ADC8-38E6-85DE35C4B9F4}.Release|Any CPU.ActiveCfg = Release|Any CPU
		{0B916075-21CF-ADC8-38E6-85DE35C4B9F4}.Release|Any CPU.Build.0 = Release|Any CPU
		{35C767BF-B41C-4DA9-BEEA-1A73DE8677E8}.Debug|Any CPU.ActiveCfg = Debug|Any CPU
		{35C767BF-B41C-4DA9-BEEA-1A73DE8677E8}.Debug|Any CPU.Build.0 = Debug|Any CPU
		{35C767BF-B41C-4DA9-BEEA-1A73DE8677E8}.Release|Any CPU.ActiveCfg = Release|Any CPU
		{35C767BF-B41C-4DA9-BEEA-1A73DE8677E8}.Release|Any CPU.Build.0 = Release|Any CPU
		{35A633E6-D170-72D5-401D-28B20C8BCF9B}.Debug|Any CPU.ActiveCfg = Debug|Any CPU
		{35A633E6-D170-72D5-401D-28B20C8BCF9B}.Debug|Any CPU.Build.0 = Debug|Any CPU
		{35A633E6-D170-72D5-401D-28B20C8BCF9B}.Release|Any CPU.ActiveCfg = Release|Any CPU
		{35A633E6-D170-72D5-401D-28B20C8BCF9B}.Release|Any CPU.Build.0 = Release|Any CPU
		{A9080A7E-3BA9-AB95-01B8-A53EBC214CD1}.Debug|Any CPU.ActiveCfg = Debug|Any CPU
		{A9080A7E-3BA9-AB95-01B8-A53EBC214CD1}.Debug|Any CPU.Build.0 = Debug|Any CPU
		{A9080A7E-3BA9-AB95-01B8-A53EBC214CD1}.Release|Any CPU.ActiveCfg = Release|Any CPU
		{A9080A7E-3BA9-AB95-01B8-A53EBC214CD1}.Release|Any CPU.Build.0 = Release|Any CPU
		{85CDF5E0-2659-B512-85F1-EAD50111638B}.Debug|Any CPU.ActiveCfg = Debug|Any CPU
		{85CDF5E0-2659-B512-85F1-EAD50111638B}.Debug|Any CPU.Build.0 = Debug|Any CPU
		{85CDF5E0-2659-B512-85F1-EAD50111638B}.Release|Any CPU.ActiveCfg = Release|Any CPU
		{85CDF5E0-2659-B512-85F1-EAD50111638B}.Release|Any CPU.Build.0 = Release|Any CPU
		{1C58AE39-D4BB-969E-B199-8B35781311F2}.Debug|Any CPU.ActiveCfg = Debug|Any CPU
		{1C58AE39-D4BB-969E-B199-8B35781311F2}.Debug|Any CPU.Build.0 = Debug|Any CPU
		{1C58AE39-D4BB-969E-B199-8B35781311F2}.Release|Any CPU.ActiveCfg = Release|Any CPU
		{1C58AE39-D4BB-969E-B199-8B35781311F2}.Release|Any CPU.Build.0 = Release|Any CPU
		{23038506-9A98-233A-B243-A065717198F3}.Debug|Any CPU.ActiveCfg = Debug|Any CPU
		{23038506-9A98-233A-B243-A065717198F3}.Debug|Any CPU.Build.0 = Debug|Any CPU
		{23038506-9A98-233A-B243-A065717198F3}.Release|Any CPU.ActiveCfg = Release|Any CPU
		{23038506-9A98-233A-B243-A065717198F3}.Release|Any CPU.Build.0 = Release|Any CPU
		{0309AF09-B9D1-2481-9D66-52AA30F00080}.Debug|Any CPU.ActiveCfg = Debug|Any CPU
		{0309AF09-B9D1-2481-9D66-52AA30F00080}.Debug|Any CPU.Build.0 = Debug|Any CPU
		{0309AF09-B9D1-2481-9D66-52AA30F00080}.Release|Any CPU.ActiveCfg = Release|Any CPU
		{0309AF09-B9D1-2481-9D66-52AA30F00080}.Release|Any CPU.Build.0 = Release|Any CPU
		{F4094FF2-5F34-44AC-74C8-F320170B8D14}.Debug|Any CPU.ActiveCfg = Debug|Any CPU
		{F4094FF2-5F34-44AC-74C8-F320170B8D14}.Debug|Any CPU.Build.0 = Debug|Any CPU
		{F4094FF2-5F34-44AC-74C8-F320170B8D14}.Release|Any CPU.ActiveCfg = Release|Any CPU
		{F4094FF2-5F34-44AC-74C8-F320170B8D14}.Release|Any CPU.Build.0 = Release|Any CPU
		{710FAA61-A5E2-B286-C842-C4C726BE9933}.Debug|Any CPU.ActiveCfg = Debug|Any CPU
		{710FAA61-A5E2-B286-C842-C4C726BE9933}.Debug|Any CPU.Build.0 = Debug|Any CPU
		{710FAA61-A5E2-B286-C842-C4C726BE9933}.Release|Any CPU.ActiveCfg = Release|Any CPU
		{710FAA61-A5E2-B286-C842-C4C726BE9933}.Release|Any CPU.Build.0 = Release|Any CPU
		{704E2CF5-47BF-6C4C-837D-388C08DA55E1}.Debug|Any CPU.ActiveCfg = Debug|Any CPU
		{704E2CF5-47BF-6C4C-837D-388C08DA55E1}.Debug|Any CPU.Build.0 = Debug|Any CPU
		{704E2CF5-47BF-6C4C-837D-388C08DA55E1}.Release|Any CPU.ActiveCfg = Release|Any CPU
		{704E2CF5-47BF-6C4C-837D-388C08DA55E1}.Release|Any CPU.Build.0 = Release|Any CPU
		{812C4223-5FD1-911F-7567-ABFDBDBDCD59}.Debug|Any CPU.ActiveCfg = Debug|Any CPU
		{812C4223-5FD1-911F-7567-ABFDBDBDCD59}.Debug|Any CPU.Build.0 = Debug|Any CPU
		{812C4223-5FD1-911F-7567-ABFDBDBDCD59}.Release|Any CPU.ActiveCfg = Release|Any CPU
		{812C4223-5FD1-911F-7567-ABFDBDBDCD59}.Release|Any CPU.Build.0 = Release|Any CPU
		{0AEC75A4-42C8-8827-E1C5-77C4C4800F15}.Debug|Any CPU.ActiveCfg = Debug|Any CPU
		{0AEC75A4-42C8-8827-E1C5-77C4C4800F15}.Debug|Any CPU.Build.0 = Debug|Any CPU
		{0AEC75A4-42C8-8827-E1C5-77C4C4800F15}.Release|Any CPU.ActiveCfg = Release|Any CPU
		{0AEC75A4-42C8-8827-E1C5-77C4C4800F15}.Release|Any CPU.Build.0 = Release|Any CPU
		{234B8F2C-60E0-6867-D4F3-69C44EB3B28F}.Debug|Any CPU.ActiveCfg = Debug|Any CPU
		{234B8F2C-60E0-6867-D4F3-69C44EB3B28F}.Debug|Any CPU.Build.0 = Debug|Any CPU
		{234B8F2C-60E0-6867-D4F3-69C44EB3B28F}.Release|Any CPU.ActiveCfg = Release|Any CPU
		{234B8F2C-60E0-6867-D4F3-69C44EB3B28F}.Release|Any CPU.Build.0 = Release|Any CPU
		{5C2F8088-92C9-5F82-4844-4DBF02AACB16}.Debug|Any CPU.ActiveCfg = Debug|Any CPU
		{5C2F8088-92C9-5F82-4844-4DBF02AACB16}.Debug|Any CPU.Build.0 = Debug|Any CPU
		{5C2F8088-92C9-5F82-4844-4DBF02AACB16}.Release|Any CPU.ActiveCfg = Release|Any CPU
		{5C2F8088-92C9-5F82-4844-4DBF02AACB16}.Release|Any CPU.Build.0 = Release|Any CPU
		{8BA9D54D-602D-6E31-FA22-4E916F08452C}.Debug|Any CPU.ActiveCfg = Debug|Any CPU
		{8BA9D54D-602D-6E31-FA22-4E916F08452C}.Debug|Any CPU.Build.0 = Debug|Any CPU
		{8BA9D54D-602D-6E31-FA22-4E916F08452C}.Release|Any CPU.ActiveCfg = Release|Any CPU
		{8BA9D54D-602D-6E31-FA22-4E916F08452C}.Release|Any CPU.Build.0 = Release|Any CPU
		{FF9D1BD2-CF19-9FB6-94BF-D4143A8B1398}.Debug|Any CPU.ActiveCfg = Debug|Any CPU
		{FF9D1BD2-CF19-9FB6-94BF-D4143A8B1398}.Debug|Any CPU.Build.0 = Debug|Any CPU
		{FF9D1BD2-CF19-9FB6-94BF-D4143A8B1398}.Release|Any CPU.ActiveCfg = Release|Any CPU
		{FF9D1BD2-CF19-9FB6-94BF-D4143A8B1398}.Release|Any CPU.Build.0 = Release|Any CPU
		{2F1C3263-14E5-20A4-E7B7-E3711F976C19}.Debug|Any CPU.ActiveCfg = Debug|Any CPU
		{2F1C3263-14E5-20A4-E7B7-E3711F976C19}.Debug|Any CPU.Build.0 = Debug|Any CPU
		{2F1C3263-14E5-20A4-E7B7-E3711F976C19}.Release|Any CPU.ActiveCfg = Release|Any CPU
		{2F1C3263-14E5-20A4-E7B7-E3711F976C19}.Release|Any CPU.Build.0 = Release|Any CPU
		{B3CCE85B-A04A-C3C3-752B-32C9587ACF1F}.Debug|Any CPU.ActiveCfg = Debug|Any CPU
		{B3CCE85B-A04A-C3C3-752B-32C9587ACF1F}.Debug|Any CPU.Build.0 = Debug|Any CPU
		{B3CCE85B-A04A-C3C3-752B-32C9587ACF1F}.Release|Any CPU.ActiveCfg = Release|Any CPU
		{B3CCE85B-A04A-C3C3-752B-32C9587ACF1F}.Release|Any CPU.Build.0 = Release|Any CPU
		{3D26E76D-FE08-3333-CB4E-79EA43653E8E}.Debug|Any CPU.ActiveCfg = Debug|Any CPU
		{3D26E76D-FE08-3333-CB4E-79EA43653E8E}.Debug|Any CPU.Build.0 = Debug|Any CPU
		{3D26E76D-FE08-3333-CB4E-79EA43653E8E}.Release|Any CPU.ActiveCfg = Release|Any CPU
		{3D26E76D-FE08-3333-CB4E-79EA43653E8E}.Release|Any CPU.Build.0 = Release|Any CPU
		{7D9CB65E-80B8-5E29-62C5-BF62AEB0AE1E}.Debug|Any CPU.ActiveCfg = Debug|Any CPU
		{7D9CB65E-80B8-5E29-62C5-BF62AEB0AE1E}.Debug|Any CPU.Build.0 = Debug|Any CPU
		{7D9CB65E-80B8-5E29-62C5-BF62AEB0AE1E}.Release|Any CPU.ActiveCfg = Release|Any CPU
		{7D9CB65E-80B8-5E29-62C5-BF62AEB0AE1E}.Release|Any CPU.Build.0 = Release|Any CPU
		{3EBF3086-F9F4-B961-E90F-77D55E1BFF33}.Debug|Any CPU.ActiveCfg = Debug|Any CPU
		{3EBF3086-F9F4-B961-E90F-77D55E1BFF33}.Debug|Any CPU.Build.0 = Debug|Any CPU
		{3EBF3086-F9F4-B961-E90F-77D55E1BFF33}.Release|Any CPU.ActiveCfg = Release|Any CPU
		{3EBF3086-F9F4-B961-E90F-77D55E1BFF33}.Release|Any CPU.Build.0 = Release|Any CPU
		{B0E293CF-35C6-1169-6B02-326223F109E7}.Debug|Any CPU.ActiveCfg = Debug|Any CPU
		{B0E293CF-35C6-1169-6B02-326223F109E7}.Debug|Any CPU.Build.0 = Debug|Any CPU
		{B0E293CF-35C6-1169-6B02-326223F109E7}.Release|Any CPU.ActiveCfg = Release|Any CPU
		{B0E293CF-35C6-1169-6B02-326223F109E7}.Release|Any CPU.Build.0 = Release|Any CPU
		{8DB635CC-5A4B-7FE3-CA1E-B426C0EBE509}.Debug|Any CPU.ActiveCfg = Debug|Any CPU
		{8DB635CC-5A4B-7FE3-CA1E-B426C0EBE509}.Debug|Any CPU.Build.0 = Debug|Any CPU
		{8DB635CC-5A4B-7FE3-CA1E-B426C0EBE509}.Release|Any CPU.ActiveCfg = Release|Any CPU
		{8DB635CC-5A4B-7FE3-CA1E-B426C0EBE509}.Release|Any CPU.Build.0 = Release|Any CPU
		{2B9F0BE6-F870-9E5F-C3F2-FBFA26DD32B1}.Debug|Any CPU.ActiveCfg = Debug|Any CPU
		{2B9F0BE6-F870-9E5F-C3F2-FBFA26DD32B1}.Debug|Any CPU.Build.0 = Debug|Any CPU
		{2B9F0BE6-F870-9E5F-C3F2-FBFA26DD32B1}.Release|Any CPU.ActiveCfg = Release|Any CPU
		{2B9F0BE6-F870-9E5F-C3F2-FBFA26DD32B1}.Release|Any CPU.Build.0 = Release|Any CPU
		{29838B95-FD3F-0C1C-DDDD-37B4D0DE9C05}.Debug|Any CPU.ActiveCfg = Debug|Any CPU
		{29838B95-FD3F-0C1C-DDDD-37B4D0DE9C05}.Debug|Any CPU.Build.0 = Debug|Any CPU
		{29838B95-FD3F-0C1C-DDDD-37B4D0DE9C05}.Release|Any CPU.ActiveCfg = Release|Any CPU
		{29838B95-FD3F-0C1C-DDDD-37B4D0DE9C05}.Release|Any CPU.Build.0 = Release|Any CPU
		{AEE19727-AB3E-2102-D573-C31D76FBDF3E}.Debug|Any CPU.ActiveCfg = Debug|Any CPU
		{AEE19727-AB3E-2102-D573-C31D76FBDF3E}.Debug|Any CPU.Build.0 = Debug|Any CPU
		{AEE19727-AB3E-2102-D573-C31D76FBDF3E}.Release|Any CPU.ActiveCfg = Release|Any CPU
		{AEE19727-AB3E-2102-D573-C31D76FBDF3E}.Release|Any CPU.Build.0 = Release|Any CPU
		{E1BA715A-8596-CDAD-8CFB-E70295470488}.Debug|Any CPU.ActiveCfg = Debug|Any CPU
		{E1BA715A-8596-CDAD-8CFB-E70295470488}.Debug|Any CPU.Build.0 = Debug|Any CPU
		{E1BA715A-8596-CDAD-8CFB-E70295470488}.Release|Any CPU.ActiveCfg = Release|Any CPU
		{E1BA715A-8596-CDAD-8CFB-E70295470488}.Release|Any CPU.Build.0 = Release|Any CPU
		{4548E7E3-7D55-19FD-C2E2-B235CCACAF61}.Debug|Any CPU.ActiveCfg = Debug|Any CPU
		{4548E7E3-7D55-19FD-C2E2-B235CCACAF61}.Debug|Any CPU.Build.0 = Debug|Any CPU
		{4548E7E3-7D55-19FD-C2E2-B235CCACAF61}.Release|Any CPU.ActiveCfg = Release|Any CPU
		{4548E7E3-7D55-19FD-C2E2-B235CCACAF61}.Release|Any CPU.Build.0 = Release|Any CPU
		{4AB18235-0BE2-E200-1E1C-FB334A2872F2}.Debug|Any CPU.ActiveCfg = Debug|Any CPU
		{4AB18235-0BE2-E200-1E1C-FB334A2872F2}.Debug|Any CPU.Build.0 = Debug|Any CPU
		{4AB18235-0BE2-E200-1E1C-FB334A2872F2}.Release|Any CPU.ActiveCfg = Release|Any CPU
		{4AB18235-0BE2-E200-1E1C-FB334A2872F2}.Release|Any CPU.Build.0 = Release|Any CPU
		{67DCC543-3955-171F-0F5A-61BF930FDD8D}.Debug|Any CPU.ActiveCfg = Debug|Any CPU
		{67DCC543-3955-171F-0F5A-61BF930FDD8D}.Debug|Any CPU.Build.0 = Debug|Any CPU
		{67DCC543-3955-171F-0F5A-61BF930FDD8D}.Release|Any CPU.ActiveCfg = Release|Any CPU
		{67DCC543-3955-171F-0F5A-61BF930FDD8D}.Release|Any CPU.Build.0 = Release|Any CPU
		{C73046A6-13C4-45B1-CB81-3917C68E1CDE}.Debug|Any CPU.ActiveCfg = Debug|Any CPU
		{C73046A6-13C4-45B1-CB81-3917C68E1CDE}.Debug|Any CPU.Build.0 = Debug|Any CPU
		{C73046A6-13C4-45B1-CB81-3917C68E1CDE}.Release|Any CPU.ActiveCfg = Release|Any CPU
		{C73046A6-13C4-45B1-CB81-3917C68E1CDE}.Release|Any CPU.Build.0 = Release|Any CPU
		{337FFDD4-13BD-B089-FD61-8C73465CC245}.Debug|Any CPU.ActiveCfg = Debug|Any CPU
		{337FFDD4-13BD-B089-FD61-8C73465CC245}.Debug|Any CPU.Build.0 = Debug|Any CPU
		{337FFDD4-13BD-B089-FD61-8C73465CC245}.Release|Any CPU.ActiveCfg = Release|Any CPU
		{337FFDD4-13BD-B089-FD61-8C73465CC245}.Release|Any CPU.Build.0 = Release|Any CPU
		{3AABFCFA-4737-9F53-142F-EEE81EB35074}.Debug|Any CPU.ActiveCfg = Debug|Any CPU
		{3AABFCFA-4737-9F53-142F-EEE81EB35074}.Debug|Any CPU.Build.0 = Debug|Any CPU
		{3AABFCFA-4737-9F53-142F-EEE81EB35074}.Release|Any CPU.ActiveCfg = Release|Any CPU
		{3AABFCFA-4737-9F53-142F-EEE81EB35074}.Release|Any CPU.Build.0 = Release|Any CPU
	EndGlobalSection
	GlobalSection(SolutionProperties) = preSolution
		HideSolutionNode = FALSE
	EndGlobalSection
EndGlobal
